
Microsoft Visual Studio Solution File, Format Version 12.00
# Visual Studio Version 16
VisualStudioVersion = 16.0.31424.327
MinimumVisualStudioVersion = 10.0.40219.1
Project("{FAE04EC0-301F-11D3-BF4B-00C04F79EFBC}") = "AppWebMVC", "AppWebMVC\AppWebMVC.csproj", "{591A2919-F43B-4B95-B62F-76B3FFF453D4}"
EndProject
Global
	GlobalSection(SolutionConfigurationPlatforms) = preSolution
		Debug|Any CPU = Debug|Any CPU
		Release|Any CPU = Release|Any CPU
	EndGlobalSection
	GlobalSection(ProjectConfigurationPlatforms) = postSolution
		{591A2919-F43B-4B95-B62F-76B3FFF453D4}.Debug|Any CPU.ActiveCfg = Debug|Any CPU
		{591A2919-F43B-4B95-B62F-76B3FFF453D4}.Debug|Any CPU.Build.0 = Debug|Any CPU
		{591A2919-F43B-4B95-B62F-76B3FFF453D4}.Release|Any CPU.ActiveCfg = Release|Any CPU
		{591A2919-F43B-4B95-B62F-76B3FFF453D4}.Release|Any CPU.Build.0 = Release|Any CPU
	EndGlobalSection
	GlobalSection(SolutionProperties) = preSolution
		HideSolutionNode = FALSE
	EndGlobalSection
	GlobalSection(ExtensibilityGlobals) = postSolution
		SolutionGuid = {4A2CBFE7-2DF9-49CB-BB65-0917B3A4C4ED}
	EndGlobalSection
EndGlobal
